{
  "name": "chi-ten-years",
  "version": "1.0.0",
  "lockfileVersion": 2,
  "requires": true,
  "packages": {
    "": {
      "name": "chi-ten-years",
      "version": "1.0.0",
      "license": "MIT",
      "dependencies": {
        "citation-js": "^0.5.1"
      }
    },
    "node_modules/@citation-js/cli": {
      "version": "0.5.1",
      "resolved": "https://registry.npmmirror.com/@citation-js/cli/download/@citation-js/cli-0.5.1.tgz",
      "integrity": "sha1-maIkgsHrklYCCthTtML8sTZlTmQ=",
      "dependencies": {
        "@citation-js/core": "^0.5.1",
        "@citation-js/plugin-bibjson": "^0.5.1",
        "@citation-js/plugin-bibtex": "^0.5.1",
        "@citation-js/plugin-csl": "^0.5.1",
        "@citation-js/plugin-doi": "^0.5.1",
        "@citation-js/plugin-ris": "^0.5.1",
        "@citation-js/plugin-wikidata": "^0.5.1",
        "commander": "^5.1.0"
      },
      "bin": {
        "citation-js": "lib/index.js"
      },
      "engines": {
        "node": ">=8"
      }
    },
    "node_modules/@citation-js/core": {
      "version": "0.5.1",
      "resolved": "https://registry.npmmirror.com/@citation-js/core/download/@citation-js/core-0.5.1.tgz",
      "integrity": "sha1-NDoYAyANj43kzUMlhw7ES+VXVbk=",
      "dependencies": {
        "@citation-js/date": "^0.4.4",
        "@citation-js/name": "^0.4.2",
        "isomorphic-fetch": "^3.0.0",
        "sync-fetch": "^0.2.0"
      },
      "engines": {
        "node": ">=8"
      }
    },
    "node_modules/@citation-js/date": {
      "version": "0.4.4",
      "resolved": "https://registry.npmmirror.com/@citation-js/date/download/@citation-js/date-0.4.4.tgz",
      "integrity": "sha1-LpCzwEuLSGGzMSdJFsPMPleGBig=",
      "engines": {
        "node": ">=6.0.0"
      }
    },
    "node_modules/@citation-js/name": {
      "version": "0.4.2",
      "resolved": "https://registry.npmmirror.com/@citation-js/name/download/@citation-js/name-0.4.2.tgz",
      "integrity": "sha1-jcg0t+bAaZj8jTtjYyZYdUyUqHU=",
      "engines": {
        "node": ">=6"
      }
    },
    "node_modules/@citation-js/plugin-bibjson": {
      "version": "0.5.1",
      "resolved": "https://registry.npmmirror.com/@citation-js/plugin-bibjson/download/@citation-js/plugin-bibjson-0.5.1.tgz",
      "integrity": "sha1-EYup7o47sBgrm/lXRmydBQfeGRE=",
      "dependencies": {
        "@citation-js/date": "^0.4.4",
        "@citation-js/name": "^0.4.2"
      },
      "engines": {
        "node": ">=8"
      },
      "peerDependencies": {
        "@citation-js/core": "^0.5.0-alpha.0"
      }
    },
    "node_modules/@citation-js/plugin-bibtex": {
      "version": "0.5.1",
      "resolved": "https://registry.npmmirror.com/@citation-js/plugin-bibtex/download/@citation-js/plugin-bibtex-0.5.1.tgz",
      "integrity": "sha1-PJIGFal4kMFo49Bg6yypJuqdDYc=",
      "dependencies": {
        "@citation-js/date": "^0.4.4",
        "@citation-js/name": "^0.4.2",
        "moo": "^0.5.1"
      },
      "engines": {
        "node": ">=8"
      },
      "peerDependencies": {
        "@citation-js/core": "^0.5.0-alpha.0"
      }
    },
    "node_modules/@citation-js/plugin-csl": {
      "version": "0.5.1",
      "resolved": "https://registry.npmmirror.com/@citation-js/plugin-csl/download/@citation-js/plugin-csl-0.5.1.tgz",
      "integrity": "sha1-cYhuIF2QEbuRBhxSrSDQnO/e2Lg=",
      "dependencies": {
        "citeproc": "^2.4.6"
      },
      "engines": {
        "node": ">=8"
      },
      "peerDependencies": {
        "@citation-js/core": "^0.5.0-alpha.0"
      }
    },
    "node_modules/@citation-js/plugin-doi": {
      "version": "0.5.1",
      "resolved": "https://registry.npmmirror.com/@citation-js/plugin-doi/download/@citation-js/plugin-doi-0.5.1.tgz",
      "integrity": "sha1-l8Z9gcjB0rmrc1azPUNwceCedrE=",
      "engines": {
        "node": ">=8"
      },
      "peerDependencies": {
        "@citation-js/core": "^0.5.0-alpha.0"
      }
    },
    "node_modules/@citation-js/plugin-ris": {
      "version": "0.5.1",
      "resolved": "https://registry.npmmirror.com/@citation-js/plugin-ris/download/@citation-js/plugin-ris-0.5.1.tgz",
      "integrity": "sha1-VDRqKhQXj3wGvGLqNfDFwqTtx5s=",
      "dependencies": {
        "@citation-js/date": "^0.4.4",
        "@citation-js/name": "^0.4.2"
      },
      "engines": {
        "node": ">=8"
      },
      "peerDependencies": {
        "@citation-js/core": "^0.5.0-alpha.0"
      }
    },
    "node_modules/@citation-js/plugin-wikidata": {
      "version": "0.5.1",
      "resolved": "https://registry.npmmirror.com/@citation-js/plugin-wikidata/download/@citation-js/plugin-wikidata-0.5.1.tgz",
      "integrity": "sha1-QA6c4Ilnxb7/J41iIe/k1cUfIRM=",
      "dependencies": {
        "@citation-js/date": "^0.4.4",
        "@citation-js/name": "^0.4.2",
        "wikidata-sdk": "7"
      },
      "engines": {
        "node": ">=8"
      },
      "peerDependencies": {
        "@citation-js/core": "^0.5.0-alpha.0"
      }
    },
    "node_modules/base64-js": {
      "version": "1.5.1",
      "resolved": "https://registry.npm.taobao.org/base64-js/download/base64-js-1.5.1.tgz",
      "integrity": "sha1-GxtEAWClv3rUC2UPCVljSBkDkwo="
    },
    "node_modules/buffer": {
      "version": "5.7.1",
      "resolved": "https://registry.nlark.com/buffer/download/buffer-5.7.1.tgz",
      "integrity": "sha1-umLnwTEzBTWCGXFghRqPZI6Z7tA=",
      "dependencies": {
        "base64-js": "^1.3.1",
        "ieee754": "^1.1.13"
      }
    },
    "node_modules/citation-js": {
      "version": "0.5.1",
      "resolved": "https://registry.npmmirror.com/citation-js/download/citation-js-0.5.1.tgz",
      "integrity": "sha1-BlF8Tmrn90NocKCSbIGs4IKVABI=",
      "dependencies": {
        "@citation-js/cli": "0.5.1",
        "@citation-js/core": "0.5.1",
        "@citation-js/date": "0.4.4",
        "@citation-js/name": "0.4.2",
        "@citation-js/plugin-bibjson": "0.5.1",
        "@citation-js/plugin-bibtex": "0.5.1",
        "@citation-js/plugin-csl": "0.5.1",
        "@citation-js/plugin-doi": "0.5.1",
        "@citation-js/plugin-ris": "0.5.1",
        "@citation-js/plugin-wikidata": "0.5.1",
        "citeproc": "^2.4.59"
      },
      "bin": {
        "citation-js": "bin/cmd.js"
      },
      "engines": {
        "node": ">=8"
      }
    },
    "node_modules/citeproc": {
      "version": "2.4.59",
      "resolved": "https://registry.nlark.com/citeproc/download/citeproc-2.4.59.tgz",
      "integrity": "sha1-NuH6uMukx/L4jT8AkJSwbUvwiHk="
    },
    "node_modules/commander": {
      "version": "5.1.0",
      "resolved": "https://registry.npmmirror.com/commander/download/commander-5.1.0.tgz?cache=0&sync_timestamp=1634886396986&other_urls=https%3A%2F%2Fregistry.npmmirror.com%2Fcommander%2Fdownload%2Fcommander-5.1.0.tgz",
      "integrity": "sha1-Rqu9FlL44Fm92u+Zu9yyrZzxea4=",
      "engines": {
        "node": ">= 6"
      }
    },
    "node_modules/ieee754": {
      "version": "1.2.1",
      "resolved": "https://registry.nlark.com/ieee754/download/ieee754-1.2.1.tgz",
      "integrity": "sha1-jrehCmP/8l0VpXsAFYbRd9Gw01I="
    },
    "node_modules/isomorphic-fetch": {
      "version": "3.0.0",
      "resolved": "https://registry.nlark.com/isomorphic-fetch/download/isomorphic-fetch-3.0.0.tgz",
      "integrity": "sha1-AmewBQSQRtJCEgchXUXWomK4uLQ=",
      "dependencies": {
        "node-fetch": "^2.6.1",
        "whatwg-fetch": "^3.4.1"
      }
    },
    "node_modules/moo": {
      "version": "0.5.1",
      "resolved": "https://registry.npm.taobao.org/moo/download/moo-0.5.1.tgz",
      "integrity": "sha1-eq5/OEubCfYgtqv29067zRtl28Q="
    },
    "node_modules/node-fetch": {
      "version": "2.6.5",
      "resolved": "https://registry.npmmirror.com/node-fetch/download/node-fetch-2.6.5.tgz?cache=0&sync_timestamp=1632315355618&other_urls=https%3A%2F%2Fregistry.npmmirror.com%2Fnode-fetch%2Fdownload%2Fnode-fetch-2.6.5.tgz",
      "integrity": "sha1-QnNVN9fwgKfl94tsVJtxRr4XQv0=",
      "dependencies": {
        "whatwg-url": "^5.0.0"
      },
      "engines": {
        "node": "4.x || >=6.0.0"
      }
    },
    "node_modules/sync-fetch": {
      "version": "0.2.1",
      "resolved": "https://registry.npmmirror.com/sync-fetch/download/sync-fetch-0.2.1.tgz",
      "integrity": "sha1-VcwB10hb2Syx/CL9YnDN+BHnh+4=",
      "dependencies": {
        "buffer": "^5.7.0",
        "node-fetch": "^2.6.1"
      },
      "engines": {
        "node": ">=8"
      }
    },
    "node_modules/tr46": {
      "version": "0.0.3",
      "resolved": "https://registry.npmmirror.com/tr46/download/tr46-0.0.3.tgz?cache=0&sync_timestamp=1633302260375&other_urls=https%3A%2F%2Fregistry.npmmirror.com%2Ftr46%2Fdownload%2Ftr46-0.0.3.tgz",
      "integrity": "sha1-gYT9NH2snNwYWZLzpmIuFLnZq2o="
    },
    "node_modules/webidl-conversions": {
      "version": "3.0.1",
      "resolved": "https://registry.nlark.com/webidl-conversions/download/webidl-conversions-3.0.1.tgz?cache=0&sync_timestamp=1631408600646&other_urls=https%3A%2F%2Fregistry.nlark.com%2Fwebidl-conversions%2Fdownload%2Fwebidl-conversions-3.0.1.tgz",
      "integrity": "sha1-JFNCdeKnvGvnvIZhHMFq4KVlSHE="
    },
    "node_modules/whatwg-fetch": {
      "version": "3.6.2",
      "resolved": "https://registry.npm.taobao.org/whatwg-fetch/download/whatwg-fetch-3.6.2.tgz?cache=0&sync_timestamp=1614451682342&other_urls=https%3A%2F%2Fregistry.npm.taobao.org%2Fwhatwg-fetch%2Fdownload%2Fwhatwg-fetch-3.6.2.tgz",
      "integrity": "sha1-3O0k838mJO0CgXJdUdDi4/5nf4w="
    },
    "node_modules/whatwg-url": {
      "version": "5.0.0",
      "resolved": "https://registry.npmmirror.com/whatwg-url/download/whatwg-url-5.0.0.tgz?cache=0&sync_timestamp=1634673646149&other_urls=https%3A%2F%2Fregistry.npmmirror.com%2Fwhatwg-url%2Fdownload%2Fwhatwg-url-5.0.0.tgz",
      "integrity": "sha1-lmRU6HZUYuN2RNNib2dCzotwll0=",
      "dependencies": {
        "tr46": "~0.0.3",
        "webidl-conversions": "^3.0.0"
      }
    },
    "node_modules/wikibase-sdk": {
      "version": "7.14.0",
      "resolved": "https://registry.npmmirror.com/wikibase-sdk/download/wikibase-sdk-7.14.0.tgz",
      "integrity": "sha1-qCp/SKTH+a2nD3nIMjDQT6ciA30=",
      "license": "MIT",
      "engines": {
        "node": ">= 6.4"
      }
    },
    "node_modules/wikidata-sdk": {
      "version": "7.14.0",
      "resolved": "https://registry.npmmirror.com/wikidata-sdk/download/wikidata-sdk-7.14.0.tgz",
      "integrity": "sha1-1PHfZCdU4E3IT9vaylUBvugV31o=",
      "license": "MIT",
      "dependencies": {
        "wikibase-sdk": "^7.14.0"
      },
      "engines": {
        "node": ">= 6.4"
      }
    }
  },
  "dependencies": {
    "@citation-js/cli": {
      "version": "0.5.1",
      "resolved": "https://registry.npmmirror.com/@citation-js/cli/download/@citation-js/cli-0.5.1.tgz",
      "integrity": "sha1-maIkgsHrklYCCthTtML8sTZlTmQ=",
      "requires": {
        "@citation-js/core": "^0.5.1",
        "@citation-js/plugin-bibjson": "^0.5.1",
        "@citation-js/plugin-bibtex": "^0.5.1",
        "@citation-js/plugin-csl": "^0.5.1",
        "@citation-js/plugin-doi": "^0.5.1",
        "@citation-js/plugin-ris": "^0.5.1",
        "@citation-js/plugin-wikidata": "^0.5.1",
        "commander": "^5.1.0"
      }
    },
    "@citation-js/core": {
      "version": "0.5.1",
      "resolved": "https://registry.npmmirror.com/@citation-js/core/download/@citation-js/core-0.5.1.tgz",
      "integrity": "sha1-NDoYAyANj43kzUMlhw7ES+VXVbk=",
      "requires": {
        "@citation-js/date": "^0.4.4",
        "@citation-js/name": "^0.4.2",
        "isomorphic-fetch": "^3.0.0",
        "sync-fetch": "^0.2.0"
      }
    },
    "@citation-js/date": {
      "version": "0.4.4",
      "resolved": "https://registry.npmmirror.com/@citation-js/date/download/@citation-js/date-0.4.4.tgz",
      "integrity": "sha1-LpCzwEuLSGGzMSdJFsPMPleGBig="
    },
    "@citation-js/name": {
      "version": "0.4.2",
      "resolved": "https://registry.npmmirror.com/@citation-js/name/download/@citation-js/name-0.4.2.tgz",
      "integrity": "sha1-jcg0t+bAaZj8jTtjYyZYdUyUqHU="
    },
    "@citation-js/plugin-bibjson": {
      "version": "0.5.1",
      "resolved": "https://registry.npmmirror.com/@citation-js/plugin-bibjson/download/@citation-js/plugin-bibjson-0.5.1.tgz",
      "integrity": "sha1-EYup7o47sBgrm/lXRmydBQfeGRE=",
      "requires": {
        "@citation-js/date": "^0.4.4",
        "@citation-js/name": "^0.4.2"
      }
    },
    "@citation-js/plugin-bibtex": {
      "version": "0.5.1",
      "resolved": "https://registry.npmmirror.com/@citation-js/plugin-bibtex/download/@citation-js/plugin-bibtex-0.5.1.tgz",
      "integrity": "sha1-PJIGFal4kMFo49Bg6yypJuqdDYc=",
      "requires": {
        "@citation-js/date": "^0.4.4",
        "@citation-js/name": "^0.4.2",
        "moo": "^0.5.1"
      }
    },
    "@citation-js/plugin-csl": {
      "version": "0.5.1",
      "resolved": "https://registry.npmmirror.com/@citation-js/plugin-csl/download/@citation-js/plugin-csl-0.5.1.tgz",
      "integrity": "sha1-cYhuIF2QEbuRBhxSrSDQnO/e2Lg=",
      "requires": {
        "citeproc": "^2.4.6"
      }
    },
    "@citation-js/plugin-doi": {
      "version": "0.5.1",
      "resolved": "https://registry.npmmirror.com/@citation-js/plugin-doi/download/@citation-js/plugin-doi-0.5.1.tgz",
      "integrity": "sha1-l8Z9gcjB0rmrc1azPUNwceCedrE=",
      "requires": {}
    },
    "@citation-js/plugin-ris": {
      "version": "0.5.1",
      "resolved": "https://registry.npmmirror.com/@citation-js/plugin-ris/download/@citation-js/plugin-ris-0.5.1.tgz",
      "integrity": "sha1-VDRqKhQXj3wGvGLqNfDFwqTtx5s=",
      "requires": {
        "@citation-js/date": "^0.4.4",
        "@citation-js/name": "^0.4.2"
      }
    },
    "@citation-js/plugin-wikidata": {
      "version": "0.5.1",
      "resolved": "https://registry.npmmirror.com/@citation-js/plugin-wikidata/download/@citation-js/plugin-wikidata-0.5.1.tgz",
      "integrity": "sha1-QA6c4Ilnxb7/J41iIe/k1cUfIRM=",
      "requires": {
        "@citation-js/date": "^0.4.4",
        "@citation-js/name": "^0.4.2",
        "wikidata-sdk": "7"
      }
    },
    "base64-js": {
      "version": "1.5.1",
      "resolved": "https://registry.npm.taobao.org/base64-js/download/base64-js-1.5.1.tgz",
      "integrity": "sha1-GxtEAWClv3rUC2UPCVljSBkDkwo="
    },
    "buffer": {
      "version": "5.7.1",
      "resolved": "https://registry.nlark.com/buffer/download/buffer-5.7.1.tgz",
      "integrity": "sha1-umLnwTEzBTWCGXFghRqPZI6Z7tA=",
      "requires": {
        "base64-js": "^1.3.1",
        "ieee754": "^1.1.13"
      }
    },
    "citation-js": {
      "version": "0.5.1",
      "resolved": "https://registry.npmmirror.com/citation-js/download/citation-js-0.5.1.tgz",
      "integrity": "sha1-BlF8Tmrn90NocKCSbIGs4IKVABI=",
      "requires": {
        "@citation-js/cli": "0.5.1",
        "@citation-js/core": "0.5.1",
        "@citation-js/date": "0.4.4",
        "@citation-js/name": "0.4.2",
        "@citation-js/plugin-bibjson": "0.5.1",
        "@citation-js/plugin-bibtex": "0.5.1",
        "@citation-js/plugin-csl": "0.5.1",
        "@citation-js/plugin-doi": "0.5.1",
        "@citation-js/plugin-ris": "0.5.1",
        "@citation-js/plugin-wikidata": "0.5.1",
        "citeproc": "^2.4.59"
      }
    },
    "citeproc": {
      "version": "2.4.59",
      "resolved": "https://registry.nlark.com/citeproc/download/citeproc-2.4.59.tgz",
      "integrity": "sha1-NuH6uMukx/L4jT8AkJSwbUvwiHk="
    },
    "commander": {
      "version": "5.1.0",
      "resolved": "https://registry.npmmirror.com/commander/download/commander-5.1.0.tgz?cache=0&sync_timestamp=1634886396986&other_urls=https%3A%2F%2Fregistry.npmmirror.com%2Fcommander%2Fdownload%2Fcommander-5.1.0.tgz",
      "integrity": "sha1-Rqu9FlL44Fm92u+Zu9yyrZzxea4="
    },
    "ieee754": {
      "version": "1.2.1",
      "resolved": "https://registry.nlark.com/ieee754/download/ieee754-1.2.1.tgz",
      "integrity": "sha1-jrehCmP/8l0VpXsAFYbRd9Gw01I="
    },
    "isomorphic-fetch": {
      "version": "3.0.0",
      "resolved": "https://registry.nlark.com/isomorphic-fetch/download/isomorphic-fetch-3.0.0.tgz",
      "integrity": "sha1-AmewBQSQRtJCEgchXUXWomK4uLQ=",
      "requires": {
        "node-fetch": "^2.6.1",
        "whatwg-fetch": "^3.4.1"
      }
    },
    "moo": {
      "version": "0.5.1",
      "resolved": "https://registry.npm.taobao.org/moo/download/moo-0.5.1.tgz",
      "integrity": "sha1-eq5/OEubCfYgtqv29067zRtl28Q="
    },
    "node-fetch": {
      "version": "2.6.5",
      "resolved": "https://registry.npmmirror.com/node-fetch/download/node-fetch-2.6.5.tgz?cache=0&sync_timestamp=1632315355618&other_urls=https%3A%2F%2Fregistry.npmmirror.com%2Fnode-fetch%2Fdownload%2Fnode-fetch-2.6.5.tgz",
      "integrity": "sha1-QnNVN9fwgKfl94tsVJtxRr4XQv0=",
      "requires": {
        "whatwg-url": "^5.0.0"
      }
    },
    "sync-fetch": {
      "version": "0.2.1",
      "resolved": "https://registry.npmmirror.com/sync-fetch/download/sync-fetch-0.2.1.tgz",
      "integrity": "sha1-VcwB10hb2Syx/CL9YnDN+BHnh+4=",
      "requires": {
        "buffer": "^5.7.0",
        "node-fetch": "^2.6.1"
      }
    },
    "tr46": {
      "version": "0.0.3",
      "resolved": "https://registry.npmmirror.com/tr46/download/tr46-0.0.3.tgz?cache=0&sync_timestamp=1633302260375&other_urls=https%3A%2F%2Fregistry.npmmirror.com%2Ftr46%2Fdownload%2Ftr46-0.0.3.tgz",
      "integrity": "sha1-gYT9NH2snNwYWZLzpmIuFLnZq2o="
    },
    "webidl-conversions": {
      "version": "3.0.1",
      "resolved": "https://registry.nlark.com/webidl-conversions/download/webidl-conversions-3.0.1.tgz?cache=0&sync_timestamp=1631408600646&other_urls=https%3A%2F%2Fregistry.nlark.com%2Fwebidl-conversions%2Fdownload%2Fwebidl-conversions-3.0.1.tgz",
      "integrity": "sha1-JFNCdeKnvGvnvIZhHMFq4KVlSHE="
    },
    "whatwg-fetch": {
      "version": "3.6.2",
      "resolved": "https://registry.npm.taobao.org/whatwg-fetch/download/whatwg-fetch-3.6.2.tgz?cache=0&sync_timestamp=1614451682342&other_urls=https%3A%2F%2Fregistry.npm.taobao.org%2Fwhatwg-fetch%2Fdownload%2Fwhatwg-fetch-3.6.2.tgz",
      "integrity": "sha1-3O0k838mJO0CgXJdUdDi4/5nf4w="
    },
    "whatwg-url": {
      "version": "5.0.0",
      "resolved": "https://registry.npmmirror.com/whatwg-url/download/whatwg-url-5.0.0.tgz?cache=0&sync_timestamp=1634673646149&other_urls=https%3A%2F%2Fregistry.npmmirror.com%2Fwhatwg-url%2Fdownload%2Fwhatwg-url-5.0.0.tgz",
      "integrity": "sha1-lmRU6HZUYuN2RNNib2dCzotwll0=",
      "requires": {
        "tr46": "~0.0.3",
        "webidl-conversions": "^3.0.0"
      }
    },
    "wikibase-sdk": {
      "version": "7.14.0",
      "resolved": "https://registry.npmmirror.com/wikibase-sdk/download/wikibase-sdk-7.14.0.tgz",
      "integrity": "sha1-qCp/SKTH+a2nD3nIMjDQT6ciA30="
    },
    "wikidata-sdk": {
      "version": "7.14.0",
      "resolved": "https://registry.npmmirror.com/wikidata-sdk/download/wikidata-sdk-7.14.0.tgz",
      "integrity": "sha1-1PHfZCdU4E3IT9vaylUBvugV31o=",
      "requires": {
        "wikibase-sdk": "^7.14.0"
      }
    }
  }
}
